
Microsoft Visual Studio Solution File, Format Version 12.00
# Visual Studio Version 16
VisualStudioVersion = 16.0.808.3
MinimumVisualStudioVersion = 10.0.40219.1
Project("{FAE04EC0-301F-11D3-BF4B-00C04F79EFBC}") = "ANFChallenge", "ANFChallenge.csproj", "{BAA50274-3AE9-4CAD-A6AC-664F1FD1FD38}"
EndProject
Global
	GlobalSection(SolutionConfigurationPlatforms) = preSolution
		Debug|Any CPU = Debug|Any CPU
		Release|Any CPU = Release|Any CPU
	EndGlobalSection
	GlobalSection(ProjectConfigurationPlatforms) = postSolution
		{BAA50274-3AE9-4CAD-A6AC-664F1FD1FD38}.Debug|Any CPU.ActiveCfg = Debug|Any CPU
		{BAA50274-3AE9-4CAD-A6AC-664F1FD1FD38}.Debug|Any CPU.Build.0 = Debug|Any CPU
		{BAA50274-3AE9-4CAD-A6AC-664F1FD1FD38}.Release|Any CPU.ActiveCfg = Release|Any CPU
		{BAA50274-3AE9-4CAD-A6AC-664F1FD1FD38}.Release|Any CPU.Build.0 = Release|Any CPU
	EndGlobalSection
	GlobalSection(SolutionProperties) = preSolution
		HideSolutionNode = FALSE
	EndGlobalSection
	GlobalSection(ExtensibilityGlobals) = postSolution
		SolutionGuid = {AE84DDE8-561D-45BF-A100-5D49A2A194F1}
	EndGlobalSection
EndGlobal
